{
  "version": "2",
  "remote": {
    "https://cdn.skypack.dev/-/@protobufjs/aspromise@v1.1.2-A4bhsajzb6AjuZ2Pejej/dist=es2019,mode=imports/optimized/@protobufjs/aspromise.js": "10c32812c9bc88ee21aefab8e6187b65873e2706bbaa3c080ac21353c16672a8",
    "https://cdn.skypack.dev/-/@protobufjs/base64@v1.1.2-zuSHQFUqF990a2vu7emb/dist=es2019,mode=imports/optimized/@protobufjs/base64.js": "716a3b43f70b0c6082e83d96c8e9c9b31ed7c07c4dbc80dd1ece605a6b69b78f",
    "https://cdn.skypack.dev/-/@protobufjs/eventemitter@v1.1.0-tmsv4wYmI61MWFN8zJQh/dist=es2019,mode=imports/optimized/@protobufjs/eventemitter.js": "03fa440f9aafe65e45338d8097300d7b6ddf8d98f3b3ed220c59e85525b8496f",
    "https://cdn.skypack.dev/-/@protobufjs/float@v1.0.2-mGefYonna3pi11l43bF1/dist=es2019,mode=imports/optimized/@protobufjs/float.js": "36f5029e4491a57338464a4cc6c4a3568b1c48eab99af434afa962a3ca96630b",
    "https://cdn.skypack.dev/-/@protobufjs/inquire@v1.1.0-mSSsWovjMOJYq5DXFMtO/dist=es2019,mode=imports/optimized/@protobufjs/inquire.js": "9e4893082af134519f8e322d66557d3bc0a364ecbbd225b24a6d1fb5ea914036",
    "https://cdn.skypack.dev/-/@protobufjs/pool@v1.1.0-mUInpKV832Buu1P19bJ8/dist=es2019,mode=imports/optimized/@protobufjs/pool.js": "02355281fd477628a6385041386112b70fa3f7eae6a348452397288bd42b8d78",
    "https://cdn.skypack.dev/-/@protobufjs/utf8@v1.1.0-WtNe3eN73gD00nhRIhAk/dist=es2019,mode=imports/optimized/@protobufjs/utf8.js": "74451c20993259b2c2cbe7c86f50a8bc4bdc0e7f914fd53fccc9b6eedc5685b5",
    "https://cdn.skypack.dev/-/protobufjs@v7.2.3-EtpHPWp0856bSfWhTlMi/dist=es2019,mode=imports/unoptimized/minimal.js": "110b8a6ebcfa7a62eed7e1721ef81cafe3fb98929278b709a3f34f1890e47b43",
    "https://cdn.skypack.dev/-/protobufjs@v7.2.3-EtpHPWp0856bSfWhTlMi/dist=es2019,mode=imports/unoptimized/src/index-minimal.js": "504368bc4df6c794787425fc20bbd80e0def113556649a6f313f60b5b8032d14",
    "https://cdn.skypack.dev/-/protobufjs@v7.2.3-EtpHPWp0856bSfWhTlMi/dist=es2019,mode=imports/unoptimized/src/reader.js": "2caa4c9e488591c62be9bb44e08d85062140e691bef4656dfcb50aaa77d13899",
    "https://cdn.skypack.dev/-/protobufjs@v7.2.3-EtpHPWp0856bSfWhTlMi/dist=es2019,mode=imports/unoptimized/src/reader_buffer.js": "9ad5c607a9aadb2b079dfd391ccd86bbade07db573aec7f3e46f629df7dff60a",
    "https://cdn.skypack.dev/-/protobufjs@v7.2.3-EtpHPWp0856bSfWhTlMi/dist=es2019,mode=imports/unoptimized/src/roots.js": "cfb9e646a9d9da572f3113a4eb8e249e75e2c8fbef14bbe25c45a8064c55433f",
    "https://cdn.skypack.dev/-/protobufjs@v7.2.3-EtpHPWp0856bSfWhTlMi/dist=es2019,mode=imports/unoptimized/src/rpc.js": "0ae8db3483de8c6c59ae2b3158b23cb7fe59e5964e301e8f35f388c258f8595e",
    "https://cdn.skypack.dev/-/protobufjs@v7.2.3-EtpHPWp0856bSfWhTlMi/dist=es2019,mode=imports/unoptimized/src/rpc/service.js": "84228ae6203f6cad5c3e59feaf1ea92de9a0f5e509de3e8184afc857f6273406",
    "https://cdn.skypack.dev/-/protobufjs@v7.2.3-EtpHPWp0856bSfWhTlMi/dist=es2019,mode=imports/unoptimized/src/util/longbits.js": "a6830c95faadcc6ae7cf294bb8bd602860c9a6c3085179c3e892272864eee1e7",
    "https://cdn.skypack.dev/-/protobufjs@v7.2.3-EtpHPWp0856bSfWhTlMi/dist=es2019,mode=imports/unoptimized/src/util/minimal.js": "9c37d3e86dedd7f0e07f1dade002ab273fbc5dfe142cdb189a33d7a810e4f91b",
    "https://cdn.skypack.dev/-/protobufjs@v7.2.3-EtpHPWp0856bSfWhTlMi/dist=es2019,mode=imports/unoptimized/src/writer.js": "43ba063f74c4e4010221e36906739e9e9c5289043407c468114015c7857bb66a",
    "https://cdn.skypack.dev/-/protobufjs@v7.2.3-EtpHPWp0856bSfWhTlMi/dist=es2019,mode=imports/unoptimized/src/writer_buffer.js": "9937373387d48e402e57fa7eee9b4d24be7c54a1653bb4c50c643e216e4cdbc0",
    "https://cdn.skypack.dev/protobufjs/minimal": "d06c5c195ef0f7e1f596416bdd9ac4b83c94e8779a1c63979efa3c55942bd654",
    "https://cdn.skypack.dev/protobufjs/minimal.js": "d06c5c195ef0f7e1f596416bdd9ac4b83c94e8779a1c63979efa3c55942bd654",
    "https://deno.land/std@0.168.0/_util/asserts.ts": "d0844e9b62510f89ce1f9878b046f6a57bf88f208a10304aab50efcb48365272",
    "https://deno.land/std@0.168.0/bytes/bytes_list.ts": "aba5e2369e77d426b10af1de0dcc4531acecec27f9b9056f4f7bfbf8ac147ab4",
    "https://deno.land/std@0.168.0/bytes/concat.ts": "97a1274e117510ffffc9499c4debb9541e408732bab2e0ca624869ae13103c10",
    "https://deno.land/std@0.168.0/bytes/copy.ts": "d14a58f188a997ee0d2ba696d0c82a42f4fb4b6705e90a4238b77d7644dae24c",
    "https://deno.land/std@0.168.0/io/buf_reader.ts": "6c0eb067040a9931be2d24de50f56e67b10e3ff69d5344575df06caddf551417",
    "https://deno.land/std@0.168.0/io/buf_writer.ts": "b1ee5325cec3386596c67b1c7510bfc7e42b2f505060fe2e9d6536cdefdbb30c",
    "https://deno.land/std@0.168.0/io/buffer.ts": "04e4d9a7bffffeddd75df7da795001871857d83f8e7772e6a3eee9d174f33d38",
    "https://deno.land/std@0.168.0/io/copy_n.ts": "1792d3ee1ff25243bd072259ba707afbfbff4a5475b733a93ac91c0d62bff669",
    "https://deno.land/std@0.168.0/io/limited_reader.ts": "a789b1ce2b22833f2d249325ac3e4416e381c8fedf49970c24764184f3e8fe48",
    "https://deno.land/std@0.168.0/io/mod.ts": "f40c60cd7470cac54560ae24c5d085884d80e7d1c7b67113ec63ab3c1efb05b1",
    "https://deno.land/std@0.168.0/io/multi_reader.ts": "9d85515c0f707c0aad41e3d9e1cde88afb5ee4795a278961a8cad1d08d7943ef",
    "https://deno.land/std@0.168.0/io/read_delim.ts": "6bff17d31730eeab402633ee53701ac16e7b575a343c432acf7bd61bd649fd05",
    "https://deno.land/std@0.168.0/io/read_int.ts": "450166b029ffd72e976c7c44cd54959709f25ac54e965b0d65b2c1cbbdaf788b",
    "https://deno.land/std@0.168.0/io/read_lines.ts": "51e2841394effe1473f588de2a87d62b1c2deb63ce869115506324e228f9e67b",
    "https://deno.land/std@0.168.0/io/read_long.ts": "df004f58988b0ed502d895aabc34a78a5d95f45ff1561e6442b42a807918d3ca",
    "https://deno.land/std@0.168.0/io/read_range.ts": "97cd0f31044c8aff147b4c1b1087442b6c6295b662b870ff8704915369d6637b",
    "https://deno.land/std@0.168.0/io/read_short.ts": "3e95f068465db1a90dcb2878a7ada31158970685dce70e5e5cc78642054435b9",
    "https://deno.land/std@0.168.0/io/read_string_delim.ts": "70b20eebd853269252d4a833834a2677b711f216842709d11005ba291d822a0a",
    "https://deno.land/std@0.168.0/io/slice_long_to_bytes.ts": "9b8408430b2b9bb79e70c6eb3e4e8248a13b5562af4a95ae4f8f96dffa64c37e",
    "https://deno.land/std@0.168.0/io/string_reader.ts": "76938008e274697941ac7b2e02b9b399db6adda9538a7414a973ba5d4463a027",
    "https://deno.land/std@0.168.0/io/string_writer.ts": "e2f9277e96cc197209a2c12a29c1ed58e6162ab3e4d72f6cfad7b96f30f26685",
    "https://deno.land/std@0.168.0/io/types.d.ts": "790d3a3fa6b7f298d4cfbcf8bfd9d4be595c1b1acaa3eebb3009177df98bf93c",
    "https://deno.land/std@0.177.0/_util/asserts.ts": "178dfc49a464aee693a7e285567b3d0b555dc805ff490505a8aae34f9cfb1462",
    "https://deno.land/std@0.177.0/bytes/bytes_list.ts": "b4cbdfd2c263a13e8a904b12d082f6177ea97d9297274a4be134e989450dfa6a",
    "https://deno.land/std@0.177.0/bytes/concat.ts": "d26d6f3d7922e6d663dacfcd357563b7bf4a380ce5b9c2bbe0c8586662f25ce2",
    "https://deno.land/std@0.177.0/bytes/copy.ts": "939d89e302a9761dcf1d9c937c7711174ed74c59eef40a1e4569a05c9de88219",
    "https://deno.land/std@0.177.0/io/buf_reader.ts": "90a7adcb3638d8e1361695cdf844d58bcd97c41711dc6f9f8acc0626ebe097f5",
    "https://deno.land/std@0.177.0/io/buf_writer.ts": "759c69d304b04d2909976f2a03a24a107276fbd81ed13593c5c2d43d104b52f3",
    "https://deno.land/std@0.177.0/io/buffer.ts": "e2b7564f684dad625cab08f5106f33572d325705d19a36822b3272fbdfb8f726",
    "https://deno.land/std@0.177.0/io/copy_n.ts": "c498021ce291576a68b5bae9f9d3a27f97644f4af6c1047fb1cff054af19e436",
    "https://deno.land/std@0.177.0/io/limited_reader.ts": "d709b5b3113d4cbf934415ba242596e0ecb130e8868fb47197217e09dbb59558",
    "https://deno.land/std@0.177.0/io/mod.ts": "2665bcccc1fd6e8627cca167c3e92aaecbd9897556b6f69e6d258070ef63fd9b",
    "https://deno.land/std@0.177.0/io/multi_reader.ts": "5f7ef6e987486322b38c72e206b8fbc8916d55a87fbcdc97a8b2596386c28d44",
    "https://deno.land/std@0.177.0/io/read_delim.ts": "7e102c66f00a118fa1e1ccd4abb080496f43766686907fd8b9522fdf85443586",
    "https://deno.land/std@0.177.0/io/read_int.ts": "7cb8bcdfaf1107586c3bacc583d11c64c060196cb070bb13ae8c2061404f911f",
    "https://deno.land/std@0.177.0/io/read_lines.ts": "baee9e35034f2fdfccf63bc24b7e3cb45aa1c1c5de26d178f7bcbc572e87772f",
    "https://deno.land/std@0.177.0/io/read_long.ts": "f0aaa420e3da1261c5d33c5e729f09922f3d9fa49f046258d4ff7a00d800c71e",
    "https://deno.land/std@0.177.0/io/read_range.ts": "28152daf32e43dd9f7d41d8466852b0d18ad766cd5c4334c91fef6e1b3a74eb5",
    "https://deno.land/std@0.177.0/io/read_short.ts": "805cb329574b850b84bf14a92c052c59b5977a492cd780c41df8ad40826c1a20",
    "https://deno.land/std@0.177.0/io/read_string_delim.ts": "46eb0c9db3547caf8c759631effa200bbe48924f9b34f41edc627bde36cee52d",
    "https://deno.land/std@0.177.0/io/slice_long_to_bytes.ts": "b096472afa3a0dd90fa84584dde7706ed29fc16d48009a581c49368f09fe70f4",
    "https://deno.land/std@0.177.0/io/string_reader.ts": "ad9cbecb8509732afcf3d73bb72fa551ec0ccc34f9b8127826247f0190753a65",
    "https://deno.land/std@0.177.0/io/string_writer.ts": "8a03c5858c24965a54c6538bed15f32a7c72f5704a12bda56f83a40e28e5433e",
    "https://deno.land/std@0.177.0/types.d.ts": "220ed56662a0bd393ba5d124aa6ae2ad36a00d2fcbc0e8666a65f4606aaa9784",
    "https://deno.land/std@0.184.0/async/abortable.ts": "fd682fa46f3b7b16b4606a5ab52a7ce309434b76f820d3221bdfb862719a15d7",
    "https://deno.land/std@0.184.0/async/deadline.ts": "c5facb0b404eede83e38bd2717ea8ab34faa2ffb20ef87fd261fcba32ba307aa",
    "https://deno.land/std@0.184.0/async/debounce.ts": "adab11d04ca38d699444ac8a9d9856b4155e8dda2afd07ce78276c01ea5a4332",
    "https://deno.land/std@0.184.0/async/deferred.ts": "42790112f36a75a57db4a96d33974a936deb7b04d25c6084a9fa8a49f135def8",
    "https://deno.land/std@0.184.0/async/delay.ts": "73aa04cec034c84fc748c7be49bb15cac3dd43a57174bfdb7a4aec22c248f0dd",
    "https://deno.land/std@0.184.0/async/mod.ts": "f04344fa21738e5ad6bea37a6bfffd57c617c2d372bb9f9dcfd118a1b622e576",
    "https://deno.land/std@0.184.0/async/mux_async_iterator.ts": "70c7f2ee4e9466161350473ad61cac0b9f115cff4c552eaa7ef9d50c4cbb4cc9",
    "https://deno.land/std@0.184.0/async/pool.ts": "fd082bd4aaf26445909889435a5c74334c017847842ec035739b4ae637ae8260",
    "https://deno.land/std@0.184.0/async/retry.ts": "dd19d93033d8eaddbfcb7654c0366e9d3b0a21448bdb06eba4a7d8a8cf936a92",
    "https://deno.land/std@0.184.0/async/tee.ts": "47e42d35f622650b02234d43803d0383a89eb4387e1b83b5a40106d18ae36757",
    "https://deno.land/std@0.184.0/http/server.ts": "cbb17b594651215ba95c01a395700684e569c165a567e4e04bba327f41197433",
    "https://deno.land/std@0.185.0/_util/asserts.ts": "178dfc49a464aee693a7e285567b3d0b555dc805ff490505a8aae34f9cfb1462",
    "https://deno.land/std@0.185.0/_util/os.ts": "d932f56d41e4f6a6093d56044e29ce637f8dcc43c5a90af43504a889cf1775e3",
    "https://deno.land/std@0.185.0/async/deferred.ts": "42790112f36a75a57db4a96d33974a936deb7b04d25c6084a9fa8a49f135def8",
    "https://deno.land/std@0.185.0/bytes/bytes_list.ts": "31d664f4d42fa922066405d0e421c56da89d751886ee77bbe25a88bf0310c9d0",
    "https://deno.land/std@0.185.0/bytes/concat.ts": "d26d6f3d7922e6d663dacfcd357563b7bf4a380ce5b9c2bbe0c8586662f25ce2",
    "https://deno.land/std@0.185.0/bytes/copy.ts": "939d89e302a9761dcf1d9c937c7711174ed74c59eef40a1e4569a05c9de88219",
    "https://deno.land/std@0.185.0/bytes/ends_with.ts": "4228811ebc71615d27f065c54b5e815ec1972538772b0f413c0efe05245b472e",
    "https://deno.land/std@0.185.0/bytes/equals.ts": "b87494ce5442dc786db46f91378100028c402f83a14a2f7bbff6bda7810aefe3",
    "https://deno.land/std@0.185.0/bytes/includes_needle.ts": "76a8163126fb2f8bf86fd7f22192c3bb04bf6a20b987a095127c2ca08adf3ba6",
    "https://deno.land/std@0.185.0/bytes/index_of_needle.ts": "65c939607df609374c4415598fa4dad04a2f14c4d98cd15775216f0aaf597f24",
    "https://deno.land/std@0.185.0/bytes/last_index_of_needle.ts": "7181072883cb4908c6ce8f7a5bb1d96787eef2c2ab3aa94fe4268ab326a53cbf",
    "https://deno.land/std@0.185.0/bytes/mod.ts": "e869bba1e7a2e3a9cc6c2d55471888429a544e70a840c087672e656e7ba21815",
    "https://deno.land/std@0.185.0/bytes/repeat.ts": "6f5e490d8d72bcbf8d84a6bb04690b9b3eb5822c5a11687bca73a2318a842294",
    "https://deno.land/std@0.185.0/bytes/starts_with.ts": "3e607a70c9c09f5140b7a7f17a695221abcc7244d20af3eb47ccbb63f5885135",
    "https://deno.land/std@0.185.0/crypto/keystack.ts": "877ab0f19eb7d37ad6495190d3c3e39f58e9c52e0b6a966f82fd6df67ca55f90",
    "https://deno.land/std@0.185.0/crypto/timing_safe_equal.ts": "0fae34ee02264f309ae0b6e54e9746a7aba3996e5454903ed106967a7a9ef665",
    "https://deno.land/std@0.185.0/encoding/base64.ts": "144ae6234c1fbe5b68666c711dc15b1e9ee2aef6d42b3b4345bf9a6c91d70d0d",
    "https://deno.land/std@0.185.0/encoding/base64url.ts": "2ed4ba122b20fedf226c5d337cf22ee2024fa73a8f85d915d442af7e9ce1fae1",
    "https://deno.land/std@0.185.0/fmt/colors.ts": "d67e3cd9f472535241a8e410d33423980bec45047e343577554d3356e1f0ef4e",
    "https://deno.land/std@0.185.0/fs/exists.ts": "29c26bca8584a22876be7cb8844f1b6c8fc35e9af514576b78f5c6884d7ed02d",
    "https://deno.land/std@0.185.0/http/_negotiation/common.ts": "14d1a52427ab258a4b7161cd80e1d8a207b7cc64b46e911780f57ead5f4323c6",
    "https://deno.land/std@0.185.0/http/_negotiation/encoding.ts": "ff747d107277c88cb7a6a62a08eeb8d56dad91564cbcccb30694d5dc126dcc53",
    "https://deno.land/std@0.185.0/http/_negotiation/language.ts": "7bcddd8db3330bdb7ce4fc00a213c5547c1968139864201efd67ef2d0d51887d",
    "https://deno.land/std@0.185.0/http/_negotiation/media_type.ts": "58847517cd549384ad677c0fe89e0a4815be36fe7a303ea63cee5f6a1d7e1692",
    "https://deno.land/std@0.185.0/http/cookie_map.ts": "d148a5eaf35f19905dd5104126fa47ac71105306dd42f129732365e43108b28a",
    "https://deno.land/std@0.185.0/http/etag.ts": "6ad8abbbb1045aabf2307959a2c5565054a8bf01c9824ddee836b1ff22706a58",
    "https://deno.land/std@0.185.0/http/http_errors.ts": "b9a18ef97d6c5966964de95e04d1f9f88a0f8bd8577c26fd402d9d632fb03a42",
    "https://deno.land/std@0.185.0/http/http_status.ts": "8a7bcfe3ac025199ad804075385e57f63d055b2aed539d943ccc277616d6f932",
    "https://deno.land/std@0.185.0/http/negotiation.ts": "46e74a6bad4b857333a58dc5b50fe8e5a4d5267e97292293ea65f980bd918086",
    "https://deno.land/std@0.185.0/http/server_sent_event.ts": "856764c8c058605bb618272833990b1f88b6de0dcc460f0f09749ba7e99dd656",
    "https://deno.land/std@0.185.0/io/buf_reader.ts": "abeb92b18426f11d72b112518293a96aef2e6e55f80b84235e8971ac910affb5",
    "https://deno.land/std@0.185.0/io/buf_writer.ts": "48c33c8f00b61dcbc7958706741cec8e59810bd307bc6a326cbd474fe8346dfd",
    "https://deno.land/std@0.185.0/io/buffer.ts": "17f4410eaaa60a8a85733e8891349a619eadfbbe42e2f319283ce2b8f29723ab",
    "https://deno.land/std@0.185.0/io/copy_n.ts": "0cc7ce07c75130f6fc18621ec1911c36e147eb9570664fee0ea12b1988167590",
    "https://deno.land/std@0.185.0/io/limited_reader.ts": "6c9a216f8eef39c1ee2a6b37a29372c8fc63455b2eeb91f06d9646f8f759fc8b",
    "https://deno.land/std@0.185.0/io/mod.ts": "2665bcccc1fd6e8627cca167c3e92aaecbd9897556b6f69e6d258070ef63fd9b",
    "https://deno.land/std@0.185.0/io/multi_reader.ts": "9c2a0a31686c44b277e16da1d97b4686a986edcee48409b84be25eedbc39b271",
    "https://deno.land/std@0.185.0/io/read_delim.ts": "c02b93cc546ae8caad8682ae270863e7ace6daec24c1eddd6faabc95a9d876a3",
    "https://deno.land/std@0.185.0/io/read_int.ts": "7cb8bcdfaf1107586c3bacc583d11c64c060196cb070bb13ae8c2061404f911f",
    "https://deno.land/std@0.185.0/io/read_lines.ts": "c526c12a20a9386dc910d500f9cdea43cba974e853397790bd146817a7eef8cc",
    "https://deno.land/std@0.185.0/io/read_long.ts": "f0aaa420e3da1261c5d33c5e729f09922f3d9fa49f046258d4ff7a00d800c71e",
    "https://deno.land/std@0.185.0/io/read_range.ts": "28152daf32e43dd9f7d41d8466852b0d18ad766cd5c4334c91fef6e1b3a74eb5",
    "https://deno.land/std@0.185.0/io/read_short.ts": "805cb329574b850b84bf14a92c052c59b5977a492cd780c41df8ad40826c1a20",
    "https://deno.land/std@0.185.0/io/read_string_delim.ts": "5dc9f53bdf78e7d4ee1e56b9b60352238ab236a71c3e3b2a713c3d78472a53ce",
    "https://deno.land/std@0.185.0/io/slice_long_to_bytes.ts": "48d9bace92684e880e46aa4a2520fc3867f9d7ce212055f76ecc11b22f9644b7",
    "https://deno.land/std@0.185.0/io/string_reader.ts": "da0f68251b3d5b5112485dfd4d1b1936135c9b4d921182a7edaf47f74c25cc8f",
    "https://deno.land/std@0.185.0/io/string_writer.ts": "8a03c5858c24965a54c6538bed15f32a7c72f5704a12bda56f83a40e28e5433e",
    "https://deno.land/std@0.185.0/log/handlers.ts": "38871ecbfa67b0d39dc3384210439ac9a13cba6118b912236f9011b5989b9a4d",
    "https://deno.land/std@0.185.0/log/levels.ts": "6309147664e9e008cd6671610f2505c4c95f181f6bae4816a84b33e0aec66859",
    "https://deno.land/std@0.185.0/log/logger.ts": "257ceb47e3f5f872068073de9809b015a7400e8d86dd40563c1d80169e578f71",
    "https://deno.land/std@0.185.0/log/mod.ts": "36d156ad18de3f1806c6ddafa4965129be99ccafc27f1813de528d65b6c528bf",
    "https://deno.land/std@0.185.0/media_types/_db.ts": "7606d83e31f23ce1a7968cbaee852810c2cf477903a095696cdc62eaab7ce570",
    "https://deno.land/std@0.185.0/media_types/_util.ts": "916efbd30b6148a716f110e67a4db29d6949bf4048997b754415dd7e42c52378",
    "https://deno.land/std@0.185.0/media_types/content_type.ts": "ad98a5aa2d95f5965b2796072284258710a25e520952376ed432b0937ce743bc",
    "https://deno.land/std@0.185.0/media_types/extension.ts": "a7cd28c9417143387cdfed27d4e8607ebcf5b1ec27eb8473d5b000144689fe65",
    "https://deno.land/std@0.185.0/media_types/extensions_by_type.ts": "43806d6a52a0d6d965ada9d20e60a982feb40bc7a82268178d94edb764694fed",
    "https://deno.land/std@0.185.0/media_types/format_media_type.ts": "f5e1073c05526a6f5a516ac5c5587a1abd043bf1039c71cde1166aa4328c8baf",
    "https://deno.land/std@0.185.0/media_types/get_charset.ts": "18b88274796fda5d353806bf409eb1d2ddb3f004eb4bd311662c4cdd8ac173db",
    "https://deno.land/std@0.185.0/media_types/mod.ts": "d3f0b99f85053bc0b98ecc24eaa3546dfa09b856dc0bbaf60d8956d2cdd710c8",
    "https://deno.land/std@0.185.0/media_types/parse_media_type.ts": "835c4112e1357e95b4f10d7cdea5ae1801967e444f48673ff8f1cb4d32af9920",
    "https://deno.land/std@0.185.0/media_types/type_by_extension.ts": "daa801eb0f11cdf199445d0f1b656cf116d47dcf9e5b85cc1e6b4469f5ee0432",
    "https://deno.land/std@0.185.0/media_types/vendor/mime-db.v1.52.0.ts": "6925bbcae81ca37241e3f55908d0505724358cda3384eaea707773b2c7e99586",
    "https://deno.land/std@0.185.0/path/_constants.ts": "e49961f6f4f48039c0dfed3c3f93e963ca3d92791c9d478ac5b43183413136e0",
    "https://deno.land/std@0.185.0/path/_interface.ts": "6471159dfbbc357e03882c2266d21ef9afdb1e4aa771b0545e90db58a0ba314b",
    "https://deno.land/std@0.185.0/path/_util.ts": "d7abb1e0dea065f427b89156e28cdeb32b045870acdf865833ba808a73b576d0",
    "https://deno.land/std@0.185.0/path/common.ts": "ee7505ab01fd22de3963b64e46cff31f40de34f9f8de1fff6a1bd2fe79380000",
    "https://deno.land/std@0.185.0/path/glob.ts": "d479e0a695621c94d3fd7fe7abd4f9499caf32a8de13f25073451c6ef420a4e1",
    "https://deno.land/std@0.185.0/path/mod.ts": "bf718f19a4fdd545aee1b06409ca0805bd1b68ecf876605ce632e932fe54510c",
    "https://deno.land/std@0.185.0/path/posix.ts": "8b7c67ac338714b30c816079303d0285dd24af6b284f7ad63da5b27372a2c94d",
    "https://deno.land/std@0.185.0/path/separator.ts": "0fb679739d0d1d7bf45b68dacfb4ec7563597a902edbaf3c59b50d5bcadd93b1",
    "https://deno.land/std@0.185.0/path/win32.ts": "d186344e5583bcbf8b18af416d13d82b35a317116e6460a5a3953508c3de5bba",
    "https://deno.land/std@0.185.0/streams/_common.ts": "f45cba84f0d813de3326466095539602364a9ba521f804cc758f7a475cda692d",
    "https://deno.land/std@0.185.0/streams/buffer.ts": "d5b3d7d0299114e5b2ea895a8bf202a687fd915c5282f8096c7bae23b5a04407",
    "https://deno.land/std@0.185.0/streams/byte_slice_stream.ts": "225d57263a34325d7c96cb3dafeb478eec0e6fd05cd0458d678752eadd132bb4",
    "https://deno.land/std@0.185.0/streams/copy.ts": "75cbc795ff89291df22ddca5252de88b2e16d40c85d02840593386a8a1454f71",
    "https://deno.land/std@0.185.0/streams/delimiter_stream.ts": "f69e849b3d1f59f02424497273f411105a6f76a9f13da92aeeb9a2d554236814",
    "https://deno.land/std@0.185.0/streams/early_zip_readable_streams.ts": "4005fa74162b943f79899e5d7cb96adcbc0a6b867f9144974ed12d30e0a556e1",
    "https://deno.land/std@0.185.0/streams/iterate_reader.ts": "bbec1d45c2df2c0c5920bad0549351446fdc8e0886d99e95959b259dbcdb6072",
    "https://deno.land/std@0.185.0/streams/limited_bytes_transform_stream.ts": "05dc592ffaab83257494d22dd53917e56243c26e5e3129b3f13ddbbbc4785048",
    "https://deno.land/std@0.185.0/streams/limited_transform_stream.ts": "d69ab790232c1b86f53621ad41ef03c235f2abb4b7a1cd51960ad6e12ee55e38",
    "https://deno.land/std@0.185.0/streams/merge_readable_streams.ts": "5d6302888f4bb0616dafb5768771be0aec9bedc05fbae6b3d726d05ffbec5b15",
    "https://deno.land/std@0.185.0/streams/mod.ts": "c07ec010e700b9ea887dc36ca08729828bc7912f711e4054e24d33fd46282252",
    "https://deno.land/std@0.185.0/streams/read_all.ts": "ee319772fb0fd28302f97343cc48dfcf948f154fd0d755d8efe65814b70533be",
    "https://deno.land/std@0.185.0/streams/readable_stream_from_iterable.ts": "cd4bb9e9bf6dbe84c213beb1f5085c326624421671473e410cfaecad15f01865",
    "https://deno.land/std@0.185.0/streams/readable_stream_from_reader.ts": "bfc416c4576a30aac6b9af22c9dc292c20c6742141ee7c55b5e85460beb0c54e",
    "https://deno.land/std@0.185.0/streams/reader_from_iterable.ts": "55f68110dce3f8f2c87b834d95f153bc904257fc65175f9f2abe78455cb8047c",
    "https://deno.land/std@0.185.0/streams/reader_from_stream_reader.ts": "fa4971e5615a010e49492c5d1688ca1a4d17472a41e98b498ab89a64ebd7ac73",
    "https://deno.land/std@0.185.0/streams/text_delimiter_stream.ts": "20e680ab8b751390e359288ce764f9c47d164af11a263870746eeca4bc7d976b",
    "https://deno.land/std@0.185.0/streams/text_line_stream.ts": "0f2c4b33a5fdb2476f2e060974cba1347cefe99a4af33c28a57524b1a34750fa",
    "https://deno.land/std@0.185.0/streams/to_transform_stream.ts": "7f55fc0b14cf3ed0f8d10d8f41d05bdc40726e44a65c37f58705d10a615f0159",
    "https://deno.land/std@0.185.0/streams/writable_stream_from_writer.ts": "56fff5c82fb736fdd669b567cc0b2bbbe0351002cd13254eae26c366e2bed89a",
    "https://deno.land/std@0.185.0/streams/write_all.ts": "aec90152978581ea62d56bb53a5cbf487e6a89c902f87c5969681ffbdf32b998",
    "https://deno.land/std@0.185.0/streams/writer_from_stream_writer.ts": "07c7ee025151a190f37fc42cbb01ff93afc949119ebddc6e0d0df14df1bf6950",
    "https://deno.land/std@0.185.0/streams/zip_readable_streams.ts": "a9d81aa451240f79230add674809dbee038d93aabe286e2d9671e66591fc86ca",
    "https://deno.land/std@0.185.0/types.d.ts": "dbaeb2c4d7c526db9828fc8df89d8aecf53b9ced72e0c4568f97ddd8cda616a4",
    "https://deno.land/x/nats@v1.10.2/nats-base-client/authenticator.ts": "957275b79259a732d14774e153615512046e511a981550fefb5f58a4c4f113b9",
    "https://deno.land/x/nats@v1.10.2/nats-base-client/base64.ts": "8c65138ba1a1afad5f49931feab051f807c5f539d5d77390fa21a1afd5613732",
    "https://deno.land/x/nats@v1.10.2/nats-base-client/bench.ts": "4345f9a0b74867476b91ef4e3fd8228574821fc09dd74715bc187a3c1c517a09",
    "https://deno.land/x/nats@v1.10.2/nats-base-client/codec.ts": "7067df0935473afe5d7e943bd33381d2be768972b7bf306c3b0cd88cdfcfcf26",
    "https://deno.land/x/nats@v1.10.2/nats-base-client/databuffer.ts": "4f92f772ca6701d15f2d148d2d34543558d458b20014d0404f605f84b747b75f",
    "https://deno.land/x/nats@v1.10.2/nats-base-client/denobuffer.ts": "83686bd747953167824694a3f4882ed7134a4fe70b3af89b65b41c284bc0c06a",
    "https://deno.land/x/nats@v1.10.2/nats-base-client/encoders.ts": "af6cb8be55541f934c7048a611e9d1af306093edfe32cd33977f005ebde65d70",
    "https://deno.land/x/nats@v1.10.2/nats-base-client/error.ts": "f00f6c60f9c462415c92652e326ca6c4da2c2edd4d55335a593d50a54b8c8c49",
    "https://deno.land/x/nats@v1.10.2/nats-base-client/headers.ts": "bdc3042cdd89673bf6e1e7ae1d2922f9d5b4c73ae99c08567055f181170dfe63",
    "https://deno.land/x/nats@v1.10.2/nats-base-client/heartbeats.ts": "d5cca54532f4280437263f54288c0cdf5cc17263ed5799db73b7bee6b5549532",
    "https://deno.land/x/nats@v1.10.2/nats-base-client/idleheartbeat.ts": "42c778ccc9de852c162715e3e8bcdabddeae21d038b6ffecf07f257568a1c2da",
    "https://deno.land/x/nats@v1.10.2/nats-base-client/internal_mod.ts": "78a44d7fa81ecad894d6f0147132e068912f8d587bc1d83dd59d4429df98be13",
    "https://deno.land/x/nats@v1.10.2/nats-base-client/ipparser.ts": "eced7163655be5bb457f9a3a5880239131996e3ae7d7817db88c156faa42d29f",
    "https://deno.land/x/nats@v1.10.2/nats-base-client/jsbaseclient_api.ts": "ea0eb1e4ef1f39027303c0cddc6ab2daad529029e5f9570e549b99c7440781b6",
    "https://deno.land/x/nats@v1.10.2/nats-base-client/jsclient.ts": "657b9f29054423a93c3d748955eb329e42be3e5ee3ca6990ad45b6b62c6e3b1d",
    "https://deno.land/x/nats@v1.10.2/nats-base-client/jsconsumeropts.ts": "95ea16f67ded03e7ecd5f302ac3f0b710c1e1f88d832b030f139b36be95e9f0c",
    "https://deno.land/x/nats@v1.10.2/nats-base-client/jslister.ts": "059b565817f71886e2e53349c341ca4165f2b3bd28c30f31a78d1704ba7d4061",
    "https://deno.land/x/nats@v1.10.2/nats-base-client/jsm.ts": "89087bcd6da1d3a2207055ffe76063ba70e1eebee2fb0f1f0322b68c823ca39a",
    "https://deno.land/x/nats@v1.10.2/nats-base-client/jsmconsumer_api.ts": "7178b335856a16c34360cd5120e8031eeeeeff9c92c204e13536dc5345c8ca08",
    "https://deno.land/x/nats@v1.10.2/nats-base-client/jsmdirect_api.ts": "ffa7e3c880f89c8273cbb4fa2a12ac1f96312d1a1a47a59d6a0fcdf296e0dd98",
    "https://deno.land/x/nats@v1.10.2/nats-base-client/jsmsg.ts": "920b6663c1c52ac02fa50ad80024b1f364c25b529e826a22d92e339262f5c5a8",
    "https://deno.land/x/nats@v1.10.2/nats-base-client/jsmstream_api.ts": "9653ee63e8ba27aae7abdfe29ec0e4d60d11694951c3a3e611f1c167b5bdfdc0",
    "https://deno.land/x/nats@v1.10.2/nats-base-client/jsutil.ts": "3f830c4c1626016a4f8d905603f264015cf852f4cf71bfdcacb6afe6bbac5aab",
    "https://deno.land/x/nats@v1.10.2/nats-base-client/kv.ts": "642d92db9a7622846e83c1351aa895e5b5feef7b545d449389b48e1286e5dda2",
    "https://deno.land/x/nats@v1.10.2/nats-base-client/mod.ts": "74b6363f9e49c5fedff59412254c540d886165dcc186dfc26963fc3e14961564",
    "https://deno.land/x/nats@v1.10.2/nats-base-client/msg.ts": "a5f7a546d7753d05377c14d192ad9b518be6d15fb02d7b679e723d05f7218719",
    "https://deno.land/x/nats@v1.10.2/nats-base-client/muxsubscription.ts": "aba292629719f8e0a2dac597292e7a74407840a0049dbd044134773d9fd49eac",
    "https://deno.land/x/nats@v1.10.2/nats-base-client/nats.ts": "59456c645d2603fb5aa8ba5536df170625b6861ac40fddd8c351cf5e54ed26a9",
    "https://deno.land/x/nats@v1.10.2/nats-base-client/nkeys.ts": "01aa92908831dd3baad8dbc0e1b3eb05c7b8532a96f799244ff5da16aaee8e69",
    "https://deno.land/x/nats@v1.10.2/nats-base-client/nuid.ts": "acefd00da6054e5153c8ef149506278517539661b5144b86758a51ed2a2d2839",
    "https://deno.land/x/nats@v1.10.2/nats-base-client/objectstore.ts": "3d9eb635d4bc9e79a8584766f60f06df19efa9aeeb2eff152c6545d4d41eb015",
    "https://deno.land/x/nats@v1.10.2/nats-base-client/options.ts": "d97609b68d75b6390b9f1e1bb3d2fc0827e4fb3d94744a45773cba4e57ab432e",
    "https://deno.land/x/nats@v1.10.2/nats-base-client/parser.ts": "1fb5b9cd07be194ff8c93ee531e04e0b1d03da76001f3268e87599cc1edabe1b",
    "https://deno.land/x/nats@v1.10.2/nats-base-client/protocol.ts": "a33c27f1bcc02263d40fda1af88e880a627e5244be9b673b2e3107a11036d56c",
    "https://deno.land/x/nats@v1.10.2/nats-base-client/queued_iterator.ts": "0d92da9f22d3849936f69e060256558eaf04269cc26d9e3741d5cd0769392f6d",
    "https://deno.land/x/nats@v1.10.2/nats-base-client/request.ts": "4166bb803a5d82589f5b7bc7b45bfb2c5647fe32adff86ff88aa85280bd64811",
    "https://deno.land/x/nats@v1.10.2/nats-base-client/semver.ts": "ff3950bb332433d2c6f18ff752cc5943b4eb658e87791a1d1eccf4924e86ac48",
    "https://deno.land/x/nats@v1.10.2/nats-base-client/servers.ts": "c19735f6828b25930cc4deecf38dda0a73167816e6143ade10c1dd21f4389029",
    "https://deno.land/x/nats@v1.10.2/nats-base-client/service.ts": "a3c4eb8f3bc37f63cb59da1f49ebd9d00a2d638c2b24150291a0ca7d109037d2",
    "https://deno.land/x/nats@v1.10.2/nats-base-client/serviceclient.ts": "9f53d0e546a255c254bc78f569bbbb5da2477f35b7b2f46ae3e8382adb7e74c5",
    "https://deno.land/x/nats@v1.10.2/nats-base-client/sha256.js": "87a436302eafacfea9600cf0276245f39d13718c4cbaa81daff47af4ea6523fd",
    "https://deno.land/x/nats@v1.10.2/nats-base-client/subscription.ts": "39a5a3b583cc6edfa9e8316ec13e4fb6d0e6ba4c3718f6e8eee513b1fac9300f",
    "https://deno.land/x/nats@v1.10.2/nats-base-client/subscriptions.ts": "47c42aba0ab64844b3352d56b0d887b3f785dd581928500f5af7d2d89e7629c9",
    "https://deno.land/x/nats@v1.10.2/nats-base-client/transport.ts": "6eb5a2dd507d73e835bb66597809dbdf69f9304c050b1c563cb7806170fd1f82",
    "https://deno.land/x/nats@v1.10.2/nats-base-client/typedsub.ts": "7f7363c9de53ee12e607734e6598fb6a49fb94f64f7f6f54406a67fd030490ea",
    "https://deno.land/x/nats@v1.10.2/nats-base-client/types.ts": "f8b37822d45f9c9746df015d171c5e787ef30ef37a60c530d618b387355fe085",
    "https://deno.land/x/nats@v1.10.2/nats-base-client/util.ts": "acc86328fe7217167182eab2ed9b95d7a456ef5955334c63d6951742b94eca20",
    "https://deno.land/x/nats@v1.10.2/src/connect.ts": "117abbed3b942555451e5adf31befd34ee64aa2b12e36688cb11fb9c7e69c221",
    "https://deno.land/x/nats@v1.10.2/src/deno_transport.ts": "a562fa0169e37cd3b8ffa6dea6732f89805c19f3d45b747d5a40e6cfdb173ca8",
    "https://deno.land/x/nats@v1.10.2/src/mod.ts": "4ecf45846e6de9fc772988f22ca8d1ca533561873b91fe37ea6160105d109a9e",
    "https://deno.land/x/nats@v1.13.0/nats-base-client/authenticator.ts": "957275b79259a732d14774e153615512046e511a981550fefb5f58a4c4f113b9",
    "https://deno.land/x/nats@v1.13.0/nats-base-client/base64.ts": "c031bf9f8ac451f2e50c44a3b2f9ff564d61bb14c51834ce73db837e1dee432b",
    "https://deno.land/x/nats@v1.13.0/nats-base-client/bench.ts": "4345f9a0b74867476b91ef4e3fd8228574821fc09dd74715bc187a3c1c517a09",
    "https://deno.land/x/nats@v1.13.0/nats-base-client/codec.ts": "7067df0935473afe5d7e943bd33381d2be768972b7bf306c3b0cd88cdfcfcf26",
    "https://deno.land/x/nats@v1.13.0/nats-base-client/databuffer.ts": "4f92f772ca6701d15f2d148d2d34543558d458b20014d0404f605f84b747b75f",
    "https://deno.land/x/nats@v1.13.0/nats-base-client/denobuffer.ts": "83686bd747953167824694a3f4882ed7134a4fe70b3af89b65b41c284bc0c06a",
    "https://deno.land/x/nats@v1.13.0/nats-base-client/encoders.ts": "af6cb8be55541f934c7048a611e9d1af306093edfe32cd33977f005ebde65d70",
    "https://deno.land/x/nats@v1.13.0/nats-base-client/error.ts": "f00f6c60f9c462415c92652e326ca6c4da2c2edd4d55335a593d50a54b8c8c49",
    "https://deno.land/x/nats@v1.13.0/nats-base-client/headers.ts": "bdc3042cdd89673bf6e1e7ae1d2922f9d5b4c73ae99c08567055f181170dfe63",
    "https://deno.land/x/nats@v1.13.0/nats-base-client/heartbeats.ts": "d5cca54532f4280437263f54288c0cdf5cc17263ed5799db73b7bee6b5549532",
    "https://deno.land/x/nats@v1.13.0/nats-base-client/idleheartbeat.ts": "42c778ccc9de852c162715e3e8bcdabddeae21d038b6ffecf07f257568a1c2da",
    "https://deno.land/x/nats@v1.13.0/nats-base-client/internal_mod.ts": "a5d9a70f98de40e2f98538f81d6609ae2d2ab58e4d4102fbbdf3fb8860d3a230",
    "https://deno.land/x/nats@v1.13.0/nats-base-client/ipparser.ts": "eced7163655be5bb457f9a3a5880239131996e3ae7d7817db88c156faa42d29f",
    "https://deno.land/x/nats@v1.13.0/nats-base-client/jsbaseclient_api.ts": "ea0eb1e4ef1f39027303c0cddc6ab2daad529029e5f9570e549b99c7440781b6",
    "https://deno.land/x/nats@v1.13.0/nats-base-client/jsclient.ts": "e3435c06a45cdc37ce0eddb0438c0262b4a82cc7ea0bf707b8e9d8cf9ac2fb35",
    "https://deno.land/x/nats@v1.13.0/nats-base-client/jsconsumeropts.ts": "95ea16f67ded03e7ecd5f302ac3f0b710c1e1f88d832b030f139b36be95e9f0c",
    "https://deno.land/x/nats@v1.13.0/nats-base-client/jslister.ts": "f7e360f75ad77813c043aa3ab96e17bf9c2711f20709bacadd0402fbfbf70004",
    "https://deno.land/x/nats@v1.13.0/nats-base-client/jsm.ts": "89087bcd6da1d3a2207055ffe76063ba70e1eebee2fb0f1f0322b68c823ca39a",
    "https://deno.land/x/nats@v1.13.0/nats-base-client/jsmconsumer_api.ts": "7178b335856a16c34360cd5120e8031eeeeeff9c92c204e13536dc5345c8ca08",
    "https://deno.land/x/nats@v1.13.0/nats-base-client/jsmdirect_api.ts": "ffa7e3c880f89c8273cbb4fa2a12ac1f96312d1a1a47a59d6a0fcdf296e0dd98",
    "https://deno.land/x/nats@v1.13.0/nats-base-client/jsmsg.ts": "920b6663c1c52ac02fa50ad80024b1f364c25b529e826a22d92e339262f5c5a8",
    "https://deno.land/x/nats@v1.13.0/nats-base-client/jsmstream_api.ts": "350ce3f1cca5f0fb2525c247d4a69ce308ae4dde17f9877d422043b053665ec9",
    "https://deno.land/x/nats@v1.13.0/nats-base-client/jsutil.ts": "fdfedddb046393f7c0c688c3c0b39eac0906288800740444b0f523a598f66fe9",
    "https://deno.land/x/nats@v1.13.0/nats-base-client/kv.ts": "82240e37be2ae36e573f677c4d6d478cf4cb16b558f4389b387c4b4ad09b2e8a",
    "https://deno.land/x/nats@v1.13.0/nats-base-client/mod.ts": "21843a44e5c0db2b9014e6408b251d43563e06df73315214bf24efeb7967ec8a",
    "https://deno.land/x/nats@v1.13.0/nats-base-client/msg.ts": "a5f7a546d7753d05377c14d192ad9b518be6d15fb02d7b679e723d05f7218719",
    "https://deno.land/x/nats@v1.13.0/nats-base-client/muxsubscription.ts": "aba292629719f8e0a2dac597292e7a74407840a0049dbd044134773d9fd49eac",
    "https://deno.land/x/nats@v1.13.0/nats-base-client/nats.ts": "59456c645d2603fb5aa8ba5536df170625b6861ac40fddd8c351cf5e54ed26a9",
    "https://deno.land/x/nats@v1.13.0/nats-base-client/nkeys.ts": "01aa92908831dd3baad8dbc0e1b3eb05c7b8532a96f799244ff5da16aaee8e69",
    "https://deno.land/x/nats@v1.13.0/nats-base-client/nuid.ts": "f9b0a944338f6b5cf44dd652d22016acdc59ab6fbdaef6cdffa4bae633f2e0f5",
    "https://deno.land/x/nats@v1.13.0/nats-base-client/objectstore.ts": "3b85fe3d6b86f6b3795db5541b047beb510e0434bf1562a5e9d81c4bcbfcb01a",
    "https://deno.land/x/nats@v1.13.0/nats-base-client/options.ts": "08dbf25c5a8f858758e3799ea1dc806f1164b1da206e6a234ab128dc7c07463a",
    "https://deno.land/x/nats@v1.13.0/nats-base-client/parser.ts": "1fb5b9cd07be194ff8c93ee531e04e0b1d03da76001f3268e87599cc1edabe1b",
    "https://deno.land/x/nats@v1.13.0/nats-base-client/protocol.ts": "64fca11cdf72bac9e7ef0cfb1547211c1d5be61b170d284076e4275d8c9f64ed",
    "https://deno.land/x/nats@v1.13.0/nats-base-client/queued_iterator.ts": "0d92da9f22d3849936f69e060256558eaf04269cc26d9e3741d5cd0769392f6d",
    "https://deno.land/x/nats@v1.13.0/nats-base-client/request.ts": "4166bb803a5d82589f5b7bc7b45bfb2c5647fe32adff86ff88aa85280bd64811",
    "https://deno.land/x/nats@v1.13.0/nats-base-client/semver.ts": "ff3950bb332433d2c6f18ff752cc5943b4eb658e87791a1d1eccf4924e86ac48",
    "https://deno.land/x/nats@v1.13.0/nats-base-client/servers.ts": "774abccd926ca3353dfc771ddb16883a4d7094421551be581e83ca4028615918",
    "https://deno.land/x/nats@v1.13.0/nats-base-client/service.ts": "626d2ade3a27e8632b6be76d00f13c5509c4cf1271d070718e0f1293d4d864ff",
    "https://deno.land/x/nats@v1.13.0/nats-base-client/serviceclient.ts": "bbc99532339cef91e2b32256417d93c4c43248a73ada2c70ea6b3faf83259396",
    "https://deno.land/x/nats@v1.13.0/nats-base-client/sha256.js": "87a436302eafacfea9600cf0276245f39d13718c4cbaa81daff47af4ea6523fd",
    "https://deno.land/x/nats@v1.13.0/nats-base-client/subscription.ts": "39a5a3b583cc6edfa9e8316ec13e4fb6d0e6ba4c3718f6e8eee513b1fac9300f",
    "https://deno.land/x/nats@v1.13.0/nats-base-client/subscriptions.ts": "47c42aba0ab64844b3352d56b0d887b3f785dd581928500f5af7d2d89e7629c9",
    "https://deno.land/x/nats@v1.13.0/nats-base-client/transport.ts": "6eb5a2dd507d73e835bb66597809dbdf69f9304c050b1c563cb7806170fd1f82",
    "https://deno.land/x/nats@v1.13.0/nats-base-client/typedsub.ts": "7f7363c9de53ee12e607734e6598fb6a49fb94f64f7f6f54406a67fd030490ea",
    "https://deno.land/x/nats@v1.13.0/nats-base-client/types.ts": "bdd8f0eeb87d2ea2e315641747ddc0edd98be2c1d993641a10d92264a270dc3d",
    "https://deno.land/x/nats@v1.13.0/nats-base-client/util.ts": "acc86328fe7217167182eab2ed9b95d7a456ef5955334c63d6951742b94eca20",
    "https://deno.land/x/nats@v1.13.0/src/connect.ts": "117abbed3b942555451e5adf31befd34ee64aa2b12e36688cb11fb9c7e69c221",
    "https://deno.land/x/nats@v1.13.0/src/deno_transport.ts": "ec913639b44c9cb6402029339bace77f9f648ceb42efef7f04edb94143059562",
    "https://deno.land/x/nats@v1.13.0/src/mod.ts": "4ecf45846e6de9fc772988f22ca8d1ca533561873b91fe37ea6160105d109a9e",
    "https://deno.land/x/oak@v12.4.0/application.ts": "4819f2820617f04117ccafe5bb4daae004c3cc0100eb321afd9a35ba558794d9",
    "https://deno.land/x/oak@v12.4.0/body.ts": "c7392f1dae04a360838f43b9cdd2f83d29c1eff4e6071d5f0cf1f3999b1602bc",
    "https://deno.land/x/oak@v12.4.0/buf_reader.ts": "7cf96aa0ac670b75098113cf88a291a68332cc45efa8a9698f064ac5b8098a0f",
    "https://deno.land/x/oak@v12.4.0/content_disposition.ts": "8b8c3cb2fba7138cd5b7f82fc3b5ea39b33db924a824b28261659db7e164621e",
    "https://deno.land/x/oak@v12.4.0/context.ts": "9cff1251bb734e52020cb24512a608f7acbba2cb4e514ce73d00e75a79d8b4a5",
    "https://deno.land/x/oak@v12.4.0/deps.ts": "2ecc4fd8f7d4ebdd9cf66e3830f2fbb99ed1c68a97809abf59734886754f4055",
    "https://deno.land/x/oak@v12.4.0/etag.ts": "393cb69513b44058ea034571892ec6aa602ec50c45303a24c706d32ef57a3da4",
    "https://deno.land/x/oak@v12.4.0/forwarded.ts": "e656f96a85574e2a6ee54dc35efc9f72d543c9ae0923760ef426ee7369eef01c",
    "https://deno.land/x/oak@v12.4.0/headers.ts": "f50fb05614432bda971021633129aa2e8737e0844e0f01c27a937997b4d8dd4f",
    "https://deno.land/x/oak@v12.4.0/helpers.ts": "42212afa07a560b2958359cc19577417e89d9574d6579551a0af36ff7f00cc6e",
    "https://deno.land/x/oak@v12.4.0/http_server_native.ts": "0141e1339ed9a33bc26ce537ddab5adbb3542b35916d92de286aed4937e4a6d6",
    "https://deno.land/x/oak@v12.4.0/http_server_native_request.ts": "98cfe71f2ee476e20e6d76c283983843eee303de2fa13151e965633b796d43df",
    "https://deno.land/x/oak@v12.4.0/isMediaType.ts": "62d638abcf837ece3a8f07a4b7ca59794135cb0d4b73194c7d5837efd4161005",
    "https://deno.land/x/oak@v12.4.0/mediaTyper.ts": "042b853fc8e9c3f6c628dd389e03ef481552bf07242efc3f8a1af042102a6105",
    "https://deno.land/x/oak@v12.4.0/middleware.ts": "94620707a04d16c29e9aea0196ec905e08daae2fa6f84a43fb1b1ead1e1c4be6",
    "https://deno.land/x/oak@v12.4.0/middleware/proxy.ts": "4391d33efe232e1d6338486df0b1c55ced767c7fcafd3d5fcf35f7457eef6651",
    "https://deno.land/x/oak@v12.4.0/mod.ts": "3b166ef40c11eef776e37e3d442ff7f7f31518d851ff8469f5e9a3e161ced240",
    "https://deno.land/x/oak@v12.4.0/multipart.ts": "98fe9f226de8c26a16d067027b69fb1e34ad8c4055767dd157907d06cea36f9a",
    "https://deno.land/x/oak@v12.4.0/range.ts": "68a6df7ab3b868843e33f52deb94c3d4cab25cb9ef369691990c2ac15b04fafb",
    "https://deno.land/x/oak@v12.4.0/request.ts": "5852ad36389b48e0428a6f3c90854d01f10d1b15949b56001e1e75c2a00ef0f9",
    "https://deno.land/x/oak@v12.4.0/response.ts": "867d81f7eb0c65c7b8e0e0e9e145ededd5b6daa9ad922e6adc6a36a525f439a6",
    "https://deno.land/x/oak@v12.4.0/router.ts": "36b67962681732713bc0fbce779cd3ede7417c018a10aab378901bc966ecfeb8",
    "https://deno.land/x/oak@v12.4.0/send.ts": "5ec49f106294593f468317a0c885da4f3274bf6d0fe9e16a7304391730b4f4fb",
    "https://deno.land/x/oak@v12.4.0/structured_clone.ts": "9c2d21c62f616400305a60cbd29eb06764ee97edc423223424b6cf55df0e8be2",
    "https://deno.land/x/oak@v12.4.0/testing.ts": "a0be5c84981afde666de29630f34b09d944ca1a2fe6a5185644b60ad95e16d18",
    "https://deno.land/x/oak@v12.4.0/types.d.ts": "1d15e19052254c4d0ff84bb74d84def42588b2fbc59f5f6dc2c3fe5bdbb6b31b",
    "https://deno.land/x/oak@v12.4.0/util.ts": "3af8c4ed04c6cc2bedbe66e562a77fc59c72df31c55a902a63885861ca1639d6",
    "https://deno.land/x/path_to_regexp@v6.2.1/index.ts": "894060567837bae8fc9c5cbd4d0a05e9024672083d5883b525c031eea940e556",
    "https://raw.githubusercontent.com/nats-io/nkeys.js/v1.0.4/modules/esm/deps.ts": "38d8dcfc3ca0b7429532477127719affa0da04824610e2a1069f9f935032894f",
    "https://raw.githubusercontent.com/nats-io/nkeys.js/v1.0.4/modules/esm/mod.ts": "43c3fbbad0244dde7ae229e778dbefba7f28955a7ff5257d4ed1635b5576fb31",
    "https://raw.githubusercontent.com/nats-io/nkeys.js/v1.0.4/modules/esm/nacl.js": "251e4ffcd6d2c56c7773bcf8c1549e9c07b32adb7a2156908a04930a52e614de",
    "https://raw.githubusercontent.com/nats-io/nkeys.js/v1.0.4/src/base32.ts": "07cbfd2551cf1ef4e45784058f7583495354a167c17a75b6cbdbf6b11d91c235",
    "https://raw.githubusercontent.com/nats-io/nkeys.js/v1.0.4/src/codec.ts": "23a574d4c7e4059c503992d6cb8ab0aa5c518f52848c4599ce04049a75f8e8ee",
    "https://raw.githubusercontent.com/nats-io/nkeys.js/v1.0.4/src/crc16.ts": "0290d486579668a79602cef211a28038630e685147e8ddf79b32ff41a871cfdd",
    "https://raw.githubusercontent.com/nats-io/nkeys.js/v1.0.4/src/helper.ts": "8c4121b879ac5d0d4e05b227e15a7e29057642282f020d49de36ca3c33b7d1ed",
    "https://raw.githubusercontent.com/nats-io/nkeys.js/v1.0.4/src/kp.ts": "360259ef2bea8ee65c8fce04efb4b5aaff14382d155c0668c131d959ef9098bb",
    "https://raw.githubusercontent.com/nats-io/nkeys.js/v1.0.4/src/mod.ts": "467181195143688f969a8d1f106e4d5064116d4736a77347f681c2a6c010ede4",
    "https://raw.githubusercontent.com/nats-io/nkeys.js/v1.0.4/src/nkeys.ts": "ef6d234c2661598f39dd30f68b83be1ba84e6f89b851ffaabfad5128917cd8f3",
    "https://raw.githubusercontent.com/nats-io/nkeys.js/v1.0.4/src/public.ts": "b5c893dad5ec139296bcaec6ea11ab4cb06da4f6978e05ff9c37f7d17a7c6101",
    "https://raw.githubusercontent.com/nats-io/nkeys.js/v1.0.4/src/util.ts": "96c4c8f707ef6aaa00c23527d0a7b935efe1df3dd94e6d40707e37c5e0f14e27"
  },
  "npm": {
    "specifiers": {
      "protobufjs@^7.2.3": "protobufjs@7.2.3",
      "ts-proto@^1.146.0": "ts-proto@1.147.1",
      "ts-proto@^1.147.1": "ts-proto@1.147.1"
    },
    "packages": {
      "@protobufjs/aspromise@1.1.2": {
        "integrity": "sha512-j+gKExEuLmKwvz3OgROXtrJ2UG2x8Ch2YZUxahh+s1F2HZ+wAceUNLkvy6zKCPVRkU++ZWQrdxsUeQXmcg4uoQ==",
        "dependencies": {}
      },
      "@protobufjs/base64@1.1.2": {
        "integrity": "sha512-AZkcAA5vnN/v4PDqKyMR5lx7hZttPDgClv83E//FMNhR2TMcLUhfRUBHCmSl0oi9zMgDDqRUJkSxO3wm85+XLg==",
        "dependencies": {}
      },
      "@protobufjs/codegen@2.0.4": {
        "integrity": "sha512-YyFaikqM5sH0ziFZCN3xDC7zeGaB/d0IUb9CATugHWbd1FRFwWwt4ld4OYMPWu5a3Xe01mGAULCdqhMlPl29Jg==",
        "dependencies": {}
      },
      "@protobufjs/eventemitter@1.1.0": {
        "integrity": "sha512-j9ednRT81vYJ9OfVuXG6ERSTdEL1xVsNgqpkxMsbIabzSo3goCjDIveeGv5d03om39ML71RdmrGNjG5SReBP/Q==",
        "dependencies": {}
      },
      "@protobufjs/fetch@1.1.0": {
        "integrity": "sha512-lljVXpqXebpsijW71PZaCYeIcE5on1w5DlQy5WH6GLbFryLUrBD4932W/E2BSpfRJWseIL4v/KPgBFxDOIdKpQ==",
        "dependencies": {
          "@protobufjs/aspromise": "@protobufjs/aspromise@1.1.2",
          "@protobufjs/inquire": "@protobufjs/inquire@1.1.0"
        }
      },
      "@protobufjs/float@1.0.2": {
        "integrity": "sha512-Ddb+kVXlXst9d+R9PfTIxh1EdNkgoRe5tOX6t01f1lYWOvJnSPDBlG241QLzcyPdoNTsblLUdujGSE4RzrTZGQ==",
        "dependencies": {}
      },
      "@protobufjs/inquire@1.1.0": {
        "integrity": "sha512-kdSefcPdruJiFMVSbn801t4vFK7KB/5gd2fYvrxhuJYg8ILrmn9SKSX2tZdV6V+ksulWqS7aXjBcRXl3wHoD9Q==",
        "dependencies": {}
      },
      "@protobufjs/path@1.1.2": {
        "integrity": "sha512-6JOcJ5Tm08dOHAbdR3GrvP+yUUfkjG5ePsHYczMFLq3ZmMkAD98cDgcT2iA1lJ9NVwFd4tH/iSSoe44YWkltEA==",
        "dependencies": {}
      },
      "@protobufjs/pool@1.1.0": {
        "integrity": "sha512-0kELaGSIDBKvcgS4zkjz1PeddatrjYcmMWOlAuAPwAeccUrPHdUqo/J6LiymHHEiJT5NrF1UVwxY14f+fy4WQw==",
        "dependencies": {}
      },
      "@protobufjs/utf8@1.1.0": {
        "integrity": "sha512-Vvn3zZrhQZkkBE8LSuW3em98c0FwgO4nxzv6OdSxPKJIEKY2bGbHn+mhGIPerzI4twdxaP8/0+06HBpwf345Lw==",
        "dependencies": {}
      },
      "@types/long@4.0.2": {
        "integrity": "sha512-MqTGEo5bj5t157U6fA/BiDynNkn0YknVdh48CMPkTSpFTVmvao5UQmm7uEF6xBEo7qIMAlY/JSleYaE6VOdpaA==",
        "dependencies": {}
      },
      "@types/node@20.1.0": {
        "integrity": "sha512-O+z53uwx64xY7D6roOi4+jApDGFg0qn6WHcxe5QeqjMaTezBO/mxdfFXIVAVVyNWKx84OmPB3L8kbVYOTeN34A==",
        "dependencies": {}
      },
      "@types/object-hash@1.3.4": {
        "integrity": "sha512-xFdpkAkikBgqBdG9vIlsqffDV8GpvnPEzs0IUtr1v3BEB97ijsFQ4RXVbUZwjFThhB4MDSTUfvmxUD5PGx0wXA==",
        "dependencies": {}
      },
      "case-anything@2.1.10": {
        "integrity": "sha512-JczJwVrCP0jPKh05McyVsuOg6AYosrB9XWZKbQzXeDAm2ClE/PJE/BcrrQrVyGYH7Jg8V/LDupmyL4kFlVsVFQ==",
        "dependencies": {}
      },
      "dataloader@1.4.0": {
        "integrity": "sha512-68s5jYdlvasItOJnCuI2Q9s4q98g0pCyL3HrcKJu8KNugUl8ahgmZYg38ysLTgQjjXX3H8CJLkAvWrclWfcalw==",
        "dependencies": {}
      },
      "detect-libc@1.0.3": {
        "integrity": "sha512-pGjwhsmsp4kL2RTz08wcOlGN83otlqHeD/Z5T8GXZB+/YcpQ/dgo+lbU8ZsGxV0HIvqqxo9l7mqYwyYMD9bKDg==",
        "dependencies": {}
      },
      "dprint-node@1.0.7": {
        "integrity": "sha512-NTZOW9A7ipb0n7z7nC3wftvsbceircwVHSgzobJsEQa+7RnOMbhrfX5IflA6CtC4GA63DSAiHYXa4JKEy9F7cA==",
        "dependencies": {
          "detect-libc": "detect-libc@1.0.3"
        }
      },
      "long@4.0.0": {
        "integrity": "sha512-XsP+KhQif4bjX1kbuSiySJFNAehNxgLb6hPRGJ9QsUr8ajHkuXGdrHmFUTUUXhDwVX2R5bY4JNZEwbUiMhV+MA==",
        "dependencies": {}
      },
      "long@5.2.3": {
        "integrity": "sha512-lcHwpNoggQTObv5apGNCTdJrO69eHOZMi4BNC+rTLER8iHAqGrUVeLh/irVIM7zTw2bOXA8T6uNPeujwOLg/2Q==",
        "dependencies": {}
      },
      "object-hash@1.3.1": {
        "integrity": "sha512-OSuu/pU4ENM9kmREg0BdNrUDIl1heYa4mBZacJc+vVWz4GtAwu7jO8s4AIt2aGRUTqxykpWzI3Oqnsm13tTMDA==",
        "dependencies": {}
      },
      "protobufjs@6.11.3": {
        "integrity": "sha512-xL96WDdCZYdU7Slin569tFX712BxsxslWwAfAhCYjQKGTq7dAU91Lomy6nLLhh/dyGhk/YH4TwTSRxTzhuHyZg==",
        "dependencies": {
          "@protobufjs/aspromise": "@protobufjs/aspromise@1.1.2",
          "@protobufjs/base64": "@protobufjs/base64@1.1.2",
          "@protobufjs/codegen": "@protobufjs/codegen@2.0.4",
          "@protobufjs/eventemitter": "@protobufjs/eventemitter@1.1.0",
          "@protobufjs/fetch": "@protobufjs/fetch@1.1.0",
          "@protobufjs/float": "@protobufjs/float@1.0.2",
          "@protobufjs/inquire": "@protobufjs/inquire@1.1.0",
          "@protobufjs/path": "@protobufjs/path@1.1.2",
          "@protobufjs/pool": "@protobufjs/pool@1.1.0",
          "@protobufjs/utf8": "@protobufjs/utf8@1.1.0",
          "@types/long": "@types/long@4.0.2",
          "@types/node": "@types/node@20.1.0",
          "long": "long@4.0.0"
        }
      },
      "protobufjs@7.2.3": {
        "integrity": "sha512-TtpvOqwB5Gdz/PQmOjgsrGH1nHjAQVCN7JG4A6r1sXRWESL5rNMAiRcBQlCAdKxZcAbstExQePYG8xof/JVRgg==",
        "dependencies": {
          "@protobufjs/aspromise": "@protobufjs/aspromise@1.1.2",
          "@protobufjs/base64": "@protobufjs/base64@1.1.2",
          "@protobufjs/codegen": "@protobufjs/codegen@2.0.4",
          "@protobufjs/eventemitter": "@protobufjs/eventemitter@1.1.0",
          "@protobufjs/fetch": "@protobufjs/fetch@1.1.0",
          "@protobufjs/float": "@protobufjs/float@1.0.2",
          "@protobufjs/inquire": "@protobufjs/inquire@1.1.0",
          "@protobufjs/path": "@protobufjs/path@1.1.2",
          "@protobufjs/pool": "@protobufjs/pool@1.1.0",
          "@protobufjs/utf8": "@protobufjs/utf8@1.1.0",
          "@types/node": "@types/node@20.1.0",
          "long": "long@5.2.3"
        }
      },
      "ts-poet@6.4.1": {
        "integrity": "sha512-AjZEs4h2w4sDfwpHMxQKHrTlNh2wRbM5NRXmLz0RiH+yPGtSQFbe9hBpNocU8vqVNgfh0BIOiXR80xDz3kKxUQ==",
        "dependencies": {
          "dprint-node": "dprint-node@1.0.7"
        }
      },
      "ts-proto-descriptors@1.9.0": {
        "integrity": "sha512-Ui8zA5Q4Jnq6JIGRraUWvECrqixxtwwin8GkhIkvwCpR+JcSPsxWe8HfTj5eHfyruGYI6Zjf96XlC87hTakHfQ==",
        "dependencies": {
          "long": "long@4.0.0",
          "protobufjs": "protobufjs@6.11.3"
        }
      },
      "ts-proto@1.147.1": {
        "integrity": "sha512-34G8jf+56gZkHrxVFMN3t8BJDWF7mCU4h8b4octjoFScojf4QTPCrFeXDhiidFuOixd//5AQVsF5LcVdxDCJzw==",
        "dependencies": {
          "@types/object-hash": "@types/object-hash@1.3.4",
          "case-anything": "case-anything@2.1.10",
          "dataloader": "dataloader@1.4.0",
          "object-hash": "object-hash@1.3.1",
          "protobufjs": "protobufjs@6.11.3",
          "ts-poet": "ts-poet@6.4.1",
          "ts-proto-descriptors": "ts-proto-descriptors@1.9.0"
        }
      }
    }
  }
}
